
Microsoft Visual Studio Solution File, Format Version 12.00
# Visual Studio Version 16
VisualStudioVersion = 16.0.30114.105
MinimumVisualStudioVersion = 10.0.40219.1
Project("{2150E333-8FDC-42A3-9474-1A3956D46DE8}") = "src", "src", "{3FD69CA3-BAF7-4B7A-AAB2-B9853759F4D7}"
EndProject
Project("{2150E333-8FDC-42A3-9474-1A3956D46DE8}") = "test", "test", "{115CAC93-F1BB-40FA-A55E-D846ED028024}"
EndProject
Project("{2150E333-8FDC-42A3-9474-1A3956D46DE8}") = "Solution Items", "Solution Items", "{2D3C36F9-DC12-4CDA-B8A0-3D4800105F17}"
	ProjectSection(SolutionItems) = preProject
		README.md = README.md
	EndProjectSection
EndProject
Project("{FAE04EC0-301F-11D3-BF4B-00C04F79EFBC}") = "Norns.Urd", "src\Norns.Urd\Norns.Urd.csproj", "{396F28A0-999B-4CF1-B7EC-74E5F5063BAA}"
EndProject
Project("{FAE04EC0-301F-11D3-BF4B-00C04F79EFBC}") = "Norns.Urd.UT", "test\Norns.Urd.UT\Norns.Urd.UT.csproj", "{C54ACC90-5597-4C49-96E8-64D15714A1CD}"
EndProject
Global
	GlobalSection(SolutionConfigurationPlatforms) = preSolution
		Debug|Any CPU = Debug|Any CPU
		Release|Any CPU = Release|Any CPU
	EndGlobalSection
	GlobalSection(ProjectConfigurationPlatforms) = postSolution
		{5C97DEF5-8ECE-4756-A07C-79FE3D7B99A5}.Debug|Any CPU.ActiveCfg = Debug|Any CPU
		{5C97DEF5-8ECE-4756-A07C-79FE3D7B99A5}.Debug|Any CPU.Build.0 = Debug|Any CPU
		{5C97DEF5-8ECE-4756-A07C-79FE3D7B99A5}.Release|Any CPU.ActiveCfg = Release|Any CPU
		{5C97DEF5-8ECE-4756-A07C-79FE3D7B99A5}.Release|Any CPU.Build.0 = Release|Any CPU
		{47D0E2E8-09F4-4563-BE66-6B90DD555B9F}.Debug|Any CPU.ActiveCfg = Debug|Any CPU
		{47D0E2E8-09F4-4563-BE66-6B90DD555B9F}.Debug|Any CPU.Build.0 = Debug|Any CPU
		{47D0E2E8-09F4-4563-BE66-6B90DD555B9F}.Release|Any CPU.ActiveCfg = Release|Any CPU
		{47D0E2E8-09F4-4563-BE66-6B90DD555B9F}.Release|Any CPU.Build.0 = Release|Any CPU
		{FC7024ED-1C2F-4129-A4D2-37D706294D85}.Debug|Any CPU.ActiveCfg = Debug|Any CPU
		{FC7024ED-1C2F-4129-A4D2-37D706294D85}.Debug|Any CPU.Build.0 = Debug|Any CPU
		{FC7024ED-1C2F-4129-A4D2-37D706294D85}.Release|Any CPU.ActiveCfg = Release|Any CPU
		{FC7024ED-1C2F-4129-A4D2-37D706294D85}.Release|Any CPU.Build.0 = Release|Any CPU
		{BF028967-93FC-4C13-AA6D-F0AE9C091F82}.Debug|Any CPU.ActiveCfg = Debug|Any CPU
		{BF028967-93FC-4C13-AA6D-F0AE9C091F82}.Debug|Any CPU.Build.0 = Debug|Any CPU
		{BF028967-93FC-4C13-AA6D-F0AE9C091F82}.Release|Any CPU.ActiveCfg = Release|Any CPU
		{BF028967-93FC-4C13-AA6D-F0AE9C091F82}.Release|Any CPU.Build.0 = Release|Any CPU
		{FC85F35E-EE81-4B8C-838E-96CE4C4EBB49}.Debug|Any CPU.ActiveCfg = Debug|Any CPU
		{FC85F35E-EE81-4B8C-838E-96CE4C4EBB49}.Debug|Any CPU.Build.0 = Debug|Any CPU
		{FC85F35E-EE81-4B8C-838E-96CE4C4EBB49}.Release|Any CPU.ActiveCfg = Release|Any CPU
		{FC85F35E-EE81-4B8C-838E-96CE4C4EBB49}.Release|Any CPU.Build.0 = Release|Any CPU
		{62A2AB8D-7D28-4508-A6AA-2B235DD5D4DF}.Debug|Any CPU.ActiveCfg = Debug|Any CPU
		{62A2AB8D-7D28-4508-A6AA-2B235DD5D4DF}.Debug|Any CPU.Build.0 = Debug|Any CPU
		{62A2AB8D-7D28-4508-A6AA-2B235DD5D4DF}.Release|Any CPU.ActiveCfg = Release|Any CPU
		{62A2AB8D-7D28-4508-A6AA-2B235DD5D4DF}.Release|Any CPU.Build.0 = Release|Any CPU
		{485D2FF0-3252-4837-81F7-0C352B7EBDB5}.Debug|Any CPU.ActiveCfg = Debug|Any CPU
		{485D2FF0-3252-4837-81F7-0C352B7EBDB5}.Debug|Any CPU.Build.0 = Debug|Any CPU
		{485D2FF0-3252-4837-81F7-0C352B7EBDB5}.Release|Any CPU.ActiveCfg = Release|Any CPU
		{485D2FF0-3252-4837-81F7-0C352B7EBDB5}.Release|Any CPU.Build.0 = Release|Any CPU
		{396F28A0-999B-4CF1-B7EC-74E5F5063BAA}.Debug|Any CPU.ActiveCfg = Debug|Any CPU
		{396F28A0-999B-4CF1-B7EC-74E5F5063BAA}.Debug|Any CPU.Build.0 = Debug|Any CPU
		{396F28A0-999B-4CF1-B7EC-74E5F5063BAA}.Release|Any CPU.ActiveCfg = Release|Any CPU
		{396F28A0-999B-4CF1-B7EC-74E5F5063BAA}.Release|Any CPU.Build.0 = Release|Any CPU
		{C54ACC90-5597-4C49-96E8-64D15714A1CD}.Debug|Any CPU.ActiveCfg = Debug|Any CPU
		{C54ACC90-5597-4C49-96E8-64D15714A1CD}.Debug|Any CPU.Build.0 = Debug|Any CPU
		{C54ACC90-5597-4C49-96E8-64D15714A1CD}.Release|Any CPU.ActiveCfg = Release|Any CPU
		{C54ACC90-5597-4C49-96E8-64D15714A1CD}.Release|Any CPU.Build.0 = Release|Any CPU
	EndGlobalSection
	GlobalSection(SolutionProperties) = preSolution
		HideSolutionNode = FALSE
	EndGlobalSection
	GlobalSection(NestedProjects) = preSolution
		{5C97DEF5-8ECE-4756-A07C-79FE3D7B99A5} = {115CAC93-F1BB-40FA-A55E-D846ED028024}
		{47D0E2E8-09F4-4563-BE66-6B90DD555B9F} = {3FD69CA3-BAF7-4B7A-AAB2-B9853759F4D7}
		{FC7024ED-1C2F-4129-A4D2-37D706294D85} = {3FD69CA3-BAF7-4B7A-AAB2-B9853759F4D7}
		{BF028967-93FC-4C13-AA6D-F0AE9C091F82} = {3FD69CA3-BAF7-4B7A-AAB2-B9853759F4D7}
		{FC85F35E-EE81-4B8C-838E-96CE4C4EBB49} = {3FD69CA3-BAF7-4B7A-AAB2-B9853759F4D7}
		{62A2AB8D-7D28-4508-A6AA-2B235DD5D4DF} = {115CAC93-F1BB-40FA-A55E-D846ED028024}
		{485D2FF0-3252-4837-81F7-0C352B7EBDB5} = {3FD69CA3-BAF7-4B7A-AAB2-B9853759F4D7}
		{396F28A0-999B-4CF1-B7EC-74E5F5063BAA} = {3FD69CA3-BAF7-4B7A-AAB2-B9853759F4D7}
		{C54ACC90-5597-4C49-96E8-64D15714A1CD} = {115CAC93-F1BB-40FA-A55E-D846ED028024}
	EndGlobalSection
	GlobalSection(ExtensibilityGlobals) = postSolution
		SolutionGuid = {C2BFA03B-F071-472F-95AD-C2E127881EDE}
	EndGlobalSection
EndGlobal
